
Microsoft Visual Studio Solution File, Format Version 12.00
# Visual Studio Version 16
VisualStudioVersion = 16.0.31321.278
MinimumVisualStudioVersion = 10.0.40219.1
Project("{FAE04EC0-301F-11D3-BF4B-00C04F79EFBC}") = "FinalBattle", "FinalBattle.csproj", "{D5A4E41B-84DD-42B2-8B46-18FA039DBDAB}"
EndProject
Global
	GlobalSection(SolutionConfigurationPlatforms) = preSolution
		Debug|Any CPU = Debug|Any CPU
		Release|Any CPU = Release|Any CPU
	EndGlobalSection
	GlobalSection(ProjectConfigurationPlatforms) = postSolution
		{D5A4E41B-84DD-42B2-8B46-18FA039DBDAB}.Debug|Any CPU.ActiveCfg = Debug|Any CPU
		{D5A4E41B-84DD-42B2-8B46-18FA039DBDAB}.Debug|Any CPU.Build.0 = Debug|Any CPU
		{D5A4E41B-84DD-42B2-8B46-18FA039DBDAB}.Release|Any CPU.ActiveCfg = Release|Any CPU
		{D5A4E41B-84DD-42B2-8B46-18FA039DBDAB}.Release|Any CPU.Build.0 = Release|Any CPU
	EndGlobalSection
	GlobalSection(SolutionProperties) = preSolution
		HideSolutionNode = FALSE
	EndGlobalSection
	GlobalSection(ExtensibilityGlobals) = postSolution
		SolutionGuid = {7070FBC8-0BF5-4E8B-94DE-A2F8BC1A847F}
	EndGlobalSection
EndGlobal
